// !$*UTF8*$!
{
	archiveVersion = 1;
	classes = {
	};
	objectVersion = 46;
	objects = {

/* Begin PBXBuildFile section */
		DE50E9EC1F03F2F1004A8676 /* main.swift in Sources */ = {isa = PBXBuildFile; fileRef = DE50E9EB1F03F2F1004A8676 /* main.swift */; };
		DE50E9F71F03F48D004A8676 /* User.swift in Sources */ = {isa = PBXBuildFile; fileRef = DE50E9F61F03F48D004A8676 /* User.swift */; };
		DE50E9F91F03F4C4004A8676 /* Repository.swift in Sources */ = {isa = PBXBuildFile; fileRef = DE50E9F81F03F4C4004A8676 /* Repository.swift */; };
		DE50E9FB1F03F50B004A8676 /* JSONDecodeError.swift in Sources */ = {isa = PBXBuildFile; fileRef = DE50E9FA1F03F50B004A8676 /* JSONDecodeError.swift */; };
/* End PBXBuildFile section */

/* Begin PBXCopyFilesBuildPhase section */
		DE50E9E61F03F2F1004A8676 /* CopyFiles */ = {
			isa = PBXCopyFilesBuildPhase;
			buildActionMask = 2147483647;
			dstPath = /usr/share/man/man1/;
			dstSubfolderSpec = 0;
			files = (
			);
			runOnlyForDeploymentPostprocessing = 1;
		};
/* End PBXCopyFilesBuildPhase section */

/* Begin PBXFileReference section */
		DE50E9E81F03F2F1004A8676 /* GitHubSearchRepository */ = {isa = PBXFileReference; explicitFileType = "compiled.mach-o.executable"; includeInIndex = 0; path = GitHubSearchRepository; sourceTree = BUILT_PRODUCTS_DIR; };
		DE50E9EB1F03F2F1004A8676 /* main.swift */ = {isa = PBXFileReference; lastKnownFileType = sourcecode.swift; path = main.swift; sourceTree = "<group>"; };
		DE50E9F61F03F48D004A8676 /* User.swift */ = {isa = PBXFileReference; fileEncoding = 4; lastKnownFileType = sourcecode.swift; path = User.swift; sourceTree = "<group>"; };
		DE50E9F81F03F4C4004A8676 /* Repository.swift */ = {isa = PBXFileReference; fileEncoding = 4; lastKnownFileType = sourcecode.swift; path = Repository.swift; sourceTree = "<group>"; };
		DE50E9FA1F03F50B004A8676 /* JSONDecodeError.swift */ = {isa = PBXFileReference; fileEncoding = 4; lastKnownFileType = sourcecode.swift; path = JSONDecodeError.swift; sourceTree = "<group>"; };
/* End PBXFileReference section */

/* Begin PBXFrameworksBuildPhase section */
		DE50E9E51F03F2F1004A8676 /* Frameworks */ = {
			isa = PBXFrameworksBuildPhase;
			buildActionMask = 2147483647;
			files = (
			);
			runOnlyForDeploymentPostprocessing = 0;
		};
/* End PBXFrameworksBuildPhase section */

/* Begin PBXGroup section */
		DE50E9DF1F03F2F1004A8676 = {
			isa = PBXGroup;
			children = (
				DE50E9F51F03F479004A8676 /* Struct */,
				DE50E9F41F03F44F004A8676 /* Error */,
				DE50E9F31F03F434004A8676 /* Response */,
				DE50E9F21F03F425004A8676 /* Request */,
				DE50E9EA1F03F2F1004A8676 /* GitHubSearchRepository */,
				DE50E9E91F03F2F1004A8676 /* Products */,
			);
			sourceTree = "<group>";
		};
		DE50E9E91F03F2F1004A8676 /* Products */ = {
			isa = PBXGroup;
			children = (
				DE50E9E81F03F2F1004A8676 /* GitHubSearchRepository */,
			);
			name = Products;
			sourceTree = "<group>";
		};
		DE50E9EA1F03F2F1004A8676 /* GitHubSearchRepository */ = {
			isa = PBXGroup;
			children = (
				DE50E9EB1F03F2F1004A8676 /* main.swift */,
			);
			path = GitHubSearchRepository;
			sourceTree = "<group>";
		};
		DE50E9F21F03F425004A8676 /* Request */ = {
			isa = PBXGroup;
			children = (
			);
			name = Request;
			sourceTree = "<group>";
		};
		DE50E9F31F03F434004A8676 /* Response */ = {
			isa = PBXGroup;
			children = (
			);
			name = Response;
			sourceTree = "<group>";
		};
		DE50E9F41F03F44F004A8676 /* Error */ = {
			isa = PBXGroup;
			children = (
				DE50E9FA1F03F50B004A8676 /* JSONDecodeError.swift */,
			);
			name = Error;
			sourceTree = "<group>";
		};
		DE50E9F51F03F479004A8676 /* Struct */ = {
			isa = PBXGroup;
			children = (
				DE50E9F61F03F48D004A8676 /* User.swift */,
				DE50E9F81F03F4C4004A8676 /* Repository.swift */,
			);
			name = Struct;
			sourceTree = "<group>";
		};
/* End PBXGroup section */

/* Begin PBXNativeTarget section */
		DE50E9E71F03F2F1004A8676 /* GitHubSearchRepository */ = {
			isa = PBXNativeTarget;
			buildConfigurationList = DE50E9EF1F03F2F1004A8676 /* Build configuration list for PBXNativeTarget "GitHubSearchRepository" */;
			buildPhases = (
				DE50E9E41F03F2F1004A8676 /* Sources */,
				DE50E9E51F03F2F1004A8676 /* Frameworks */,
				DE50E9E61F03F2F1004A8676 /* CopyFiles */,
			);
			buildRules = (
			);
			dependencies = (
			);
			name = GitHubSearchRepository;
			productName = GitHubSearchRepository;
			productReference = DE50E9E81F03F2F1004A8676 /* GitHubSearchRepository */;
			productType = "com.apple.product-type.tool";
		};
/* End PBXNativeTarget section */

/* Begin PBXProject section */
		DE50E9E01F03F2F1004A8676 /* Project object */ = {
			isa = PBXProject;
			attributes = {
				LastSwiftUpdateCheck = 0830;
				LastUpgradeCheck = 0830;
				ORGANIZATIONNAME = TodaChihaya;
				TargetAttributes = {
					DE50E9E71F03F2F1004A8676 = {
						CreatedOnToolsVersion = 8.3.3;
						DevelopmentTeam = BQNRM58J5E;
						ProvisioningStyle = Automatic;
					};
				};
			};
			buildConfigurationList = DE50E9E31F03F2F1004A8676 /* Build configuration list for PBXProject "GitHubSearchRepository" */;
			compatibilityVersion = "Xcode 3.2";
			developmentRegion = English;
			hasScannedForEncodings = 0;
			knownRegions = (
				en,
			);
			mainGroup = DE50E9DF1F03F2F1004A8676;
			productRefGroup = DE50E9E91F03F2F1004A8676 /* Products */;
			projectDirPath = "";
			projectRoot = "";
			targets = (
				DE50E9E71F03F2F1004A8676 /* GitHubSearchRepository */,
			);
		};
/* End PBXProject section */

/* Begin PBXSourcesBuildPhase section */
		DE50E9E41F03F2F1004A8676 /* Sources */ = {
			isa = PBXSourcesBuildPhase;
			buildActionMask = 2147483647;
			files = (
				DE50E9FB1F03F50B004A8676 /* JSONDecodeError.swift in Sources */,
				DE50E9F71F03F48D004A8676 /* User.swift in Sources */,
				DE50E9EC1F03F2F1004A8676 /* main.swift in Sources */,
				DE50E9F91F03F4C4004A8676 /* Repository.swift in Sources */,
			);
			runOnlyForDeploymentPostprocessing = 0;
		};
/* End PBXSourcesBuildPhase section */

/* Begin XCBuildConfiguration section */
		DE50E9ED1F03F2F1004A8676 /* Debug */ = {
			isa = XCBuildConfiguration;
			buildSettings = {
				ALWAYS_SEARCH_USER_PATHS = NO;
				CLANG_ANALYZER_NONNULL = YES;
				CLANG_ANALYZER_NUMBER_OBJECT_CONVERSION = YES_AGGRESSIVE;
				CLANG_CXX_LANGUAGE_STANDARD = "gnu++0x";
				CLANG_CXX_LIBRARY = "libc++";
				CLANG_ENABLE_MODULES = YES;
				CLANG_ENABLE_OBJC_ARC = YES;
				CLANG_WARN_BOOL_CONVERSION = YES;
				CLANG_WARN_CONSTANT_CONVERSION = YES;
				CLANG_WARN_DIRECT_OBJC_ISA_USAGE = YES_ERROR;
				CLANG_WARN_DOCUMENTATION_COMMENTS = YES;
				CLANG_WARN_EMPTY_BODY = YES;
				CLANG_WARN_ENUM_CONVERSION = YES;
				CLANG_WARN_INFINITE_RECURSION = YES;
				CLANG_WARN_INT_CONVERSION = YES;
				CLANG_WARN_OBJC_ROOT_CLASS = YES_ERROR;
				CLANG_WARN_SUSPICIOUS_MOVE = YES;
				CLANG_WARN_UNREACHABLE_CODE = YES;
				CLANG_WARN__DUPLICATE_METHOD_MATCH = YES;
				CODE_SIGN_IDENTITY = "-";
				COPY_PHASE_STRIP = NO;
				DEBUG_INFORMATION_FORMAT = dwarf;
				ENABLE_STRICT_OBJC_MSGSEND = YES;
				ENABLE_TESTABILITY = YES;
				GCC_C_LANGUAGE_STANDARD = gnu99;
				GCC_DYNAMIC_NO_PIC = NO;
				GCC_NO_COMMON_BLOCKS = YES;
				GCC_OPTIMIZATION_LEVEL = 0;
				GCC_PREPROCESSOR_DEFINITIONS = (
					"DEBUG=1",
					"$(inherited)",
				);
				GCC_WARN_64_TO_32_BIT_CONVERSION = YES;
				GCC_WARN_ABOUT_RETURN_TYPE = YES_ERROR;
				GCC_WARN_UNDECLARED_SELECTOR = YES;
				GCC_WARN_UNINITIALIZED_AUTOS = YES_AGGRESSIVE;
				GCC_WARN_UNUSED_FUNCTION = YES;
				GCC_WARN_UNUSED_VARIABLE = YES;
				MACOSX_DEPLOYMENT_TARGET = 10.12;
				MTL_ENABLE_DEBUG_INFO = YES;
				ONLY_ACTIVE_ARCH = YES;
				SDKROOT = macosx;
				SWIFT_OPTIMIZATION_LEVEL = "-Onone";
			};
			name = Debug;
		};
		DE50E9EE1F03F2F1004A8676 /* Release */ = {
			isa = XCBuildConfiguration;
			buildSettings = {
				ALWAYS_SEARCH_USER_PATHS = NO;
				CLANG_ANALYZER_NONNULL = YES;
				CLANG_ANALYZER_NUMBER_OBJECT_CONVERSION = YES_AGGRESSIVE;
				CLANG_CXX_LANGUAGE_STANDARD = "gnu++0x";
				CLANG_CXX_LIBRARY = "libc++";
				CLANG_ENABLE_MODULES = YES;
				CLANG_ENABLE_OBJC_ARC = YES;
				CLANG_WARN_BOOL_CONVERSION = YES;
				CLANG_WARN_CONSTANT_CONVERSION = YES;
				CLANG_WARN_DIRECT_OBJC_ISA_USAGE = YES_ERROR;
				CLANG_WARN_DOCUMENTATION_COMMENTS = YES;
				CLANG_WARN_EMPTY_BODY = YES;
				CLANG_WARN_ENUM_CONVERSION = YES;
				CLANG_WARN_INFINITE_RECURSION = YES;
				CLANG_WARN_INT_CONVERSION = YES;
				CLANG_WARN_OBJC_ROOT_CLASS = YES_ERROR;
				CLANG_WARN_SUSPICIOUS_MOVE = YES;
				CLANG_WARN_UNREACHABLE_CODE = YES;
				CLANG_WARN__DUPLICATE_METHOD_MATCH = YES;
				CODE_SIGN_IDENTITY = "-";
				COPY_PHASE_STRIP = NO;
				DEBUG_INFORMATION_FORMAT = "dwarf-with-dsym";
				ENABLE_NS_ASSERTIONS = NO;
				ENABLE_STRICT_OBJC_MSGSEND = YES;
				GCC_C_LANGUAGE_STANDARD = gnu99;
				GCC_NO_COMMON_BLOCKS = YES;
				GCC_WARN_64_TO_32_BIT_CONVERSION = YES;
				GCC_WARN_ABOUT_RETURN_TYPE = YES_ERROR;
				GCC_WARN_UNDECLARED_SELECTOR = YES;
				GCC_WARN_UNINITIALIZED_AUTOS = YES_AGGRESSIVE;
				GCC_WARN_UNUSED_FUNCTION = YES;
				GCC_WARN_UNUSED_VARIABLE = YES;
				MACOSX_DEPLOYMENT_TARGET = 10.12;
				MTL_ENABLE_DEBUG_INFO = NO;
				SDKROOT = macosx;
			};
			name = Release;
		};
		DE50E9F01F03F2F1004A8676 /* Debug */ = {
			isa = XCBuildConfiguration;
			buildSettings = {
				DEVELOPMENT_TEAM = BQNRM58J5E;
				PRODUCT_NAME = "$(TARGET_NAME)";
				SWIFT_VERSION = 3.0;
			};
			name = Debug;
		};
		DE50E9F11F03F2F1004A8676 /* Release */ = {
			isa = XCBuildConfiguration;
			buildSettings = {
				DEVELOPMENT_TEAM = BQNRM58J5E;
				PRODUCT_NAME = "$(TARGET_NAME)";
				SWIFT_VERSION = 3.0;
			};
			name = Release;
		};
/* End XCBuildConfiguration section */

/* Begin XCConfigurationList section */
		DE50E9E31F03F2F1004A8676 /* Build configuration list for PBXProject "GitHubSearchRepository" */ = {
			isa = XCConfigurationList;
			buildConfigurations = (
				DE50E9ED1F03F2F1004A8676 /* Debug */,
				DE50E9EE1F03F2F1004A8676 /* Release */,
			);
			defaultConfigurationIsVisible = 0;
			defaultConfigurationName = Release;
		};
		DE50E9EF1F03F2F1004A8676 /* Build configuration list for PBXNativeTarget "GitHubSearchRepository" */ = {
			isa = XCConfigurationList;
			buildConfigurations = (
				DE50E9F01F03F2F1004A8676 /* Debug */,
				DE50E9F11F03F2F1004A8676 /* Release */,
			);
			defaultConfigurationIsVisible = 0;
		};
/* End XCConfigurationList section */
	};
	rootObject = DE50E9E01F03F2F1004A8676 /* Project object */;
}
